
Microsoft Visual Studio Solution File, Format Version 12.00
# Visual Studio 15
VisualStudioVersion = 15.0.26124.0
MinimumVisualStudioVersion = 15.0.26124.0
Project("{FAE04EC0-301F-11D3-BF4B-00C04F79EFBC}") = "API", "API\API.csproj", "{4E9E6C1D-3638-4FE1-8BBA-1A390D9A1007}"
EndProject
Project("{FAE04EC0-301F-11D3-BF4B-00C04F79EFBC}") = "Application", "Application\Application.csproj", "{65A6437B-0488-4238-9CD4-7E2B232B235D}"
EndProject
Project("{FAE04EC0-301F-11D3-BF4B-00C04F79EFBC}") = "Persistence", "Persistence\Persistence.csproj", "{9BB35626-58F2-422A-A57F-4EE27474DC2F}"
EndProject
Project("{FAE04EC0-301F-11D3-BF4B-00C04F79EFBC}") = "Domain", "Domain\Domain.csproj", "{30FF9F80-3131-4EAA-8848-7CA25672FEBE}"
EndProject
Global
	GlobalSection(SolutionConfigurationPlatforms) = preSolution
		Debug|Any CPU = Debug|Any CPU
		Debug|x64 = Debug|x64
		Debug|x86 = Debug|x86
		Release|Any CPU = Release|Any CPU
		Release|x64 = Release|x64
		Release|x86 = Release|x86
	EndGlobalSection
	GlobalSection(SolutionProperties) = preSolution
		HideSolutionNode = FALSE
	EndGlobalSection
	GlobalSection(ProjectConfigurationPlatforms) = postSolution
		{4E9E6C1D-3638-4FE1-8BBA-1A390D9A1007}.Debug|Any CPU.ActiveCfg = Debug|Any CPU
		{4E9E6C1D-3638-4FE1-8BBA-1A390D9A1007}.Debug|Any CPU.Build.0 = Debug|Any CPU
		{4E9E6C1D-3638-4FE1-8BBA-1A390D9A1007}.Debug|x64.ActiveCfg = Debug|Any CPU
		{4E9E6C1D-3638-4FE1-8BBA-1A390D9A1007}.Debug|x64.Build.0 = Debug|Any CPU
		{4E9E6C1D-3638-4FE1-8BBA-1A390D9A1007}.Debug|x86.ActiveCfg = Debug|Any CPU
		{4E9E6C1D-3638-4FE1-8BBA-1A390D9A1007}.Debug|x86.Build.0 = Debug|Any CPU
		{4E9E6C1D-3638-4FE1-8BBA-1A390D9A1007}.Release|Any CPU.ActiveCfg = Release|Any CPU
		{4E9E6C1D-3638-4FE1-8BBA-1A390D9A1007}.Release|Any CPU.Build.0 = Release|Any CPU
		{4E9E6C1D-3638-4FE1-8BBA-1A390D9A1007}.Release|x64.ActiveCfg = Release|Any CPU
		{4E9E6C1D-3638-4FE1-8BBA-1A390D9A1007}.Release|x64.Build.0 = Release|Any CPU
		{4E9E6C1D-3638-4FE1-8BBA-1A390D9A1007}.Release|x86.ActiveCfg = Release|Any CPU
		{4E9E6C1D-3638-4FE1-8BBA-1A390D9A1007}.Release|x86.Build.0 = Release|Any CPU
		{65A6437B-0488-4238-9CD4-7E2B232B235D}.Debug|Any CPU.ActiveCfg = Debug|Any CPU
		{65A6437B-0488-4238-9CD4-7E2B232B235D}.Debug|Any CPU.Build.0 = Debug|Any CPU
		{65A6437B-0488-4238-9CD4-7E2B232B235D}.Debug|x64.ActiveCfg = Debug|Any CPU
		{65A6437B-0488-4238-9CD4-7E2B232B235D}.Debug|x64.Build.0 = Debug|Any CPU
		{65A6437B-0488-4238-9CD4-7E2B232B235D}.Debug|x86.ActiveCfg = Debug|Any CPU
		{65A6437B-0488-4238-9CD4-7E2B232B235D}.Debug|x86.Build.0 = Debug|Any CPU
		{65A6437B-0488-4238-9CD4-7E2B232B235D}.Release|Any CPU.ActiveCfg = Release|Any CPU
		{65A6437B-0488-4238-9CD4-7E2B232B235D}.Release|Any CPU.Build.0 = Release|Any CPU
		{65A6437B-0488-4238-9CD4-7E2B232B235D}.Release|x64.ActiveCfg = Release|Any CPU
		{65A6437B-0488-4238-9CD4-7E2B232B235D}.Release|x64.Build.0 = Release|Any CPU
		{65A6437B-0488-4238-9CD4-7E2B232B235D}.Release|x86.ActiveCfg = Release|Any CPU
		{65A6437B-0488-4238-9CD4-7E2B232B235D}.Release|x86.Build.0 = Release|Any CPU
		{9BB35626-58F2-422A-A57F-4EE27474DC2F}.Debug|Any CPU.ActiveCfg = Debug|Any CPU
		{9BB35626-58F2-422A-A57F-4EE27474DC2F}.Debug|Any CPU.Build.0 = Debug|Any CPU
		{9BB35626-58F2-422A-A57F-4EE27474DC2F}.Debug|x64.ActiveCfg = Debug|Any CPU
		{9BB35626-58F2-422A-A57F-4EE27474DC2F}.Debug|x64.Build.0 = Debug|Any CPU
		{9BB35626-58F2-422A-A57F-4EE27474DC2F}.Debug|x86.ActiveCfg = Debug|Any CPU
		{9BB35626-58F2-422A-A57F-4EE27474DC2F}.Debug|x86.Build.0 = Debug|Any CPU
		{9BB35626-58F2-422A-A57F-4EE27474DC2F}.Release|Any CPU.ActiveCfg = Release|Any CPU
		{9BB35626-58F2-422A-A57F-4EE27474DC2F}.Release|Any CPU.Build.0 = Release|Any CPU
		{9BB35626-58F2-422A-A57F-4EE27474DC2F}.Release|x64.ActiveCfg = Release|Any CPU
		{9BB35626-58F2-422A-A57F-4EE27474DC2F}.Release|x64.Build.0 = Release|Any CPU
		{9BB35626-58F2-422A-A57F-4EE27474DC2F}.Release|x86.ActiveCfg = Release|Any CPU
		{9BB35626-58F2-422A-A57F-4EE27474DC2F}.Release|x86.Build.0 = Release|Any CPU
		{30FF9F80-3131-4EAA-8848-7CA25672FEBE}.Debug|Any CPU.ActiveCfg = Debug|Any CPU
		{30FF9F80-3131-4EAA-8848-7CA25672FEBE}.Debug|Any CPU.Build.0 = Debug|Any CPU
		{30FF9F80-3131-4EAA-8848-7CA25672FEBE}.Debug|x64.ActiveCfg = Debug|Any CPU
		{30FF9F80-3131-4EAA-8848-7CA25672FEBE}.Debug|x64.Build.0 = Debug|Any CPU
		{30FF9F80-3131-4EAA-8848-7CA25672FEBE}.Debug|x86.ActiveCfg = Debug|Any CPU
		{30FF9F80-3131-4EAA-8848-7CA25672FEBE}.Debug|x86.Build.0 = Debug|Any CPU
		{30FF9F80-3131-4EAA-8848-7CA25672FEBE}.Release|Any CPU.ActiveCfg = Release|Any CPU
		{30FF9F80-3131-4EAA-8848-7CA25672FEBE}.Release|Any CPU.Build.0 = Release|Any CPU
		{30FF9F80-3131-4EAA-8848-7CA25672FEBE}.Release|x64.ActiveCfg = Release|Any CPU
		{30FF9F80-3131-4EAA-8848-7CA25672FEBE}.Release|x64.Build.0 = Release|Any CPU
		{30FF9F80-3131-4EAA-8848-7CA25672FEBE}.Release|x86.ActiveCfg = Release|Any CPU
		{30FF9F80-3131-4EAA-8848-7CA25672FEBE}.Release|x86.Build.0 = Release|Any CPU
	EndGlobalSection
EndGlobal
